version = 1
revision = 3
requires-python = ">=3.11"

[options]
exclude-newer = "0001-01-01T00:00:00Z" # This has no effect and is included for backwards compatibility when using relative exclude-newer values.
exclude-newer-span = "P3D"

[[package]]
name = "colorama"
version = "0.4.6"
source = { registry = "https://pypi.org/simple" }
sdist = { url = "https://files.pythonhosted.org/packages/d8/53/6f443c9a4a8358a93a6792e2acffb9d9d5cb0a5cfd8802644b7b1c9a02e4/colorama-0.4.6.tar.gz", hash = "sha256:08695f5cb7ed6e0531a20572697297273c47b8cae5a63ffc6d6ed5c201be6e44", size = 27697, upload-time = "2022-10-25T02:36:22.414Z" }
wheels = [
    { url = "https://files.pythonhosted.org/packages/d1/d6/3965ed04c63042e047cb6a3e6ed1a63a35087b6a609aa3a15ed8ac56c221/colorama-0.4.6-py2.py3-none-any.whl", hash = "sha256:4f1d9991f5acc0ca119f9d443620b77f9d6b33703e51011c16baf57afb285fc6", size = 25335, upload-time = "2022-10-25T02:36:20.889Z" },
]

[[package]]
name = "iniconfig"
version = "2.3.0"
source = { registry = "https://pypi.org/simple" }
sdist = { url = "https://files.pythonhosted.org/packages/72/34/14ca021ce8e5dfedc35312d08ba8bf51fdd999c576889fc2c24cb97f4f10/iniconfig-2.3.0.tar.gz", hash = "sha256:c76315c77db068650d49c5b56314774a7804df16fee4402c1f19d6d15d8c4730", size = 20503, upload-time = "2025-10-18T21:55:43.219Z" }
wheels = [
    { url = "https://files.pythonhosted.org/packages/cb/b1/3846dd7f199d53cb17f49cba7e651e9ce294d8497c8c150530ed11865bb8/iniconfig-2.3.0-py3-none-any.whl", hash = "sha256:f631c04d2c48c52b84d0d0549c99ff3859c98df65b3101406327ecc7d53fbf12", size = 7484, upload-time = "2025-10-18T21:55:41.639Z" },
]

[[package]]
name = "packaging"
version = "26.2"
source = { registry = "https://pypi.org/simple" }
sdist = { url = "https://files.pythonhosted.org/packages/d7/f1/e7a6dd94a8d4a5626c03e4e99c87f241ba9e350cd9e6d75123f992427270/packaging-26.2.tar.gz", hash = "sha256:ff452ff5a3e828ce110190feff1178bb1f2ea2281fa2075aadb987c2fb221661", size = 228134, upload-time = "2026-04-24T20:15:23.917Z" }
wheels = [
    { url = "https://files.pythonhosted.org/packages/df/b2/87e62e8c3e2f4b32e5fe99e0b86d576da1312593b39f47d8ceef365e95ed/packaging-26.2-py3-none-any.whl", hash = "sha256:5fc45236b9446107ff2415ce77c807cee2862cb6fac22b8a73826d0693b0980e", size = 100195, upload-time = "2026-04-24T20:15:22.081Z" },
]

[[package]]
name = "pangu"
version = "5.0.0"
source = { editable = "." }

[package.dev-dependencies]
dev = [
    { name = "pytest" },
    { name = "ruff" },
    { name = "ty" },
]
lint = [
    { name = "ruff" },
    { name = "ty" },
]
test = [
    { name = "pytest" },
]

[package.metadata]

[package.metadata.requires-dev]
dev = [
    { name = "pytest", specifier = ">=9.1.1" },
    { name = "ruff", specifier = ">=0.16.0" },
    { name = "ty", specifier = ">=0.0.64" },
]
lint = [
    { name = "ruff", specifier = ">=0.16.0" },
    { name = "ty", specifier = ">=0.0.64" },
]
test = [{ name = "pytest", specifier = ">=9.1.1" }]

[[package]]
name = "pluggy"
version = "1.6.0"
source = { registry = "https://pypi.org/simple" }
sdist = { url = "https://files.pythonhosted.org/packages/f9/e2/3e91f31a7d2b083fe6ef3fa267035b518369d9511ffab804f839851d2779/pluggy-1.6.0.tar.gz", hash = "sha256:7dcc130b76258d33b90f61b658791dede3486c3e6bfb003ee5c9bfb396dd22f3", size = 69412, upload-time = "2025-05-15T12:30:07.975Z" }
wheels = [
    { url = "https://files.pythonhosted.org/packages/54/20/4d324d65cc6d9205fabedc306948156824eb9f0ee1633355a8f7ec5c66bf/pluggy-1.6.0-py3-none-any.whl", hash = "sha256:e920276dd6813095e9377c0bc5566d94c932c33b27a3e3945d8389c374dd4746", size = 20538, upload-time = "2025-05-15T12:30:06.134Z" },
]

[[package]]
name = "pygments"
version = "2.20.0"
source = { registry = "https://pypi.org/simple" }
sdist = { url = "https://files.pythonhosted.org/packages/c3/b2/bc9c9196916376152d655522fdcebac55e66de6603a76a02bca1b6414f6c/pygments-2.20.0.tar.gz", hash = "sha256:6757cd03768053ff99f3039c1a36d6c0aa0b263438fcab17520b30a303a82b5f", size = 4955991, upload-time = "2026-03-29T13:29:33.898Z" }
wheels = [
    { url = "https://files.pythonhosted.org/packages/f4/7e/a72dd26f3b0f4f2bf1dd8923c85f7ceb43172af56d63c7383eb62b332364/pygments-2.20.0-py3-none-any.whl", hash = "sha256:81a9e26dd42fd28a23a2d169d86d7ac03b46e2f8b59ed4698fb4785f946d0176", size = 1231151, upload-time = "2026-03-29T13:29:30.038Z" },
]

[[package]]
name = "pytest"
version = "9.1.1"
source = { registry = "https://pypi.org/simple" }
dependencies = [
    { name = "colorama", marker = "sys_platform == 'win32'" },
    { name = "iniconfig" },
    { name = "packaging" },
    { name = "pluggy" },
    { name = "pygments" },
]
sdist = { url = "https://files.pythonhosted.org/packages/e4/47/b9efed96c114afcfa3c9d3fe98a76a1d14c74a9e266d397cf6eb64be5e01/pytest-9.1.1.tar.gz", hash = "sha256:1088fbde8f2b49d95a549a195707afa7a76a3ce9bcadc26b6d71f0ffda5fe313", size = 1636369, upload-time = "2026-06-19T10:58:32.857Z" }
wheels = [
    { url = "https://files.pythonhosted.org/packages/24/25/1de2678b631f5a49215c6c96fff41ba892b0a34df68d6d80292b1b48aa7f/pytest-9.1.1-py3-none-any.whl", hash = "sha256:37a86b45efb9a47a61a36449063e8e18d0cab3161329fc099eb21783169c4f0c", size = 386536, upload-time = "2026-06-19T10:58:31.347Z" },
]

[[package]]
name = "ruff"
version = "0.16.0"
source = { registry = "https://pypi.org/simple" }
sdist = { url = "https://files.pythonhosted.org/packages/4d/94/1e5e4967626faf12fa56999cd6222dff6992ceb086ad7945756baf70c7a7/ruff-0.16.0.tar.gz", hash = "sha256:e460aafd5495ec89efaa6ced2e4a9a581116451e1c88b9d37ef497e0f8e93982", size = 4790557, upload-time = "2026-07-23T19:11:30.981Z" }
wheels = [
    { url = "https://files.pythonhosted.org/packages/4b/81/1c8818fee7ce1a04cd7d1b3172e0a8f8e4f1dc4feb7fc390e16daa8af323/ruff-0.16.0-py3-none-linux_armv6l.whl", hash = "sha256:e5115729eb08c585e5121978ba5d5b60caeae394ce21b9fb5e6cd33a1c6c9b1e", size = 10754633, upload-time = "2026-07-23T19:10:46.415Z" },
    { url = "https://files.pythonhosted.org/packages/23/df/beaf59c09d68db84304d555f188b276a77132a5d5b0b67a5c762aa143628/ruff-0.16.0-py3-none-macosx_10_12_x86_64.whl", hash = "sha256:3c954b1d580bfa035b41654f7858cc7e71d5fc3ac5b723dd62bd9133830ed522", size = 10969164, upload-time = "2026-07-23T19:10:50.271Z" },
    { url = "https://files.pythonhosted.org/packages/42/ce/741cd197496a1abbf51352710fd15ed995d2a2be87189c1da26a450d6e83/ruff-0.16.0-py3-none-macosx_11_0_arm64.whl", hash = "sha256:e01c21d10eb1b29f47b7454e1f4056db9a3f0260c646aa88457c610291db9f81", size = 10488846, upload-time = "2026-07-23T19:10:52.639Z" },
    { url = "https://files.pythonhosted.org/packages/52/2a/a2db8e88cade358f5cdcb05674a917751074109315d014eb6352d9a893f7/ruff-0.16.0-py3-none-manylinux_2_17_aarch64.manylinux2014_aarch64.whl", hash = "sha256:6e364e5ed22ed8dc05082fd78e35308618260907ac2d3c1d637b2e682415b6c9", size = 10889729, upload-time = "2026-07-23T19:10:54.89Z" },
    { url = "https://files.pythonhosted.org/packages/42/65/62a771694ebd63029dc953e27dbad40e1588bd4860ff9fe881018fddaa49/ruff-0.16.0-py3-none-manylinux_2_17_armv7l.manylinux2014_armv7l.whl", hash = "sha256:d327b8fc113a1d4421a04f3839d3752057c8dd1ee320223a6f3f52d04ada462a", size = 10568275, upload-time = "2026-07-23T19:10:56.993Z" },
    { url = "https://files.pythonhosted.org/packages/3f/e2/ced249fe8af5f086c5c58cc21cc3356d50f32f7401c5df87050c999620a7/ruff-0.16.0-py3-none-manylinux_2_17_i686.manylinux2014_i686.whl", hash = "sha256:a9b50c55e263103586b3dcf5f73d479eb8cb5fdb6098fec59a62891dab653717", size = 11385112, upload-time = "2026-07-23T19:10:59.615Z" },
    { url = "https://files.pythonhosted.org/packages/87/0b/05154977a8fd69eeb6c103271f55403bfd8711f5c0f8ed07489d95a504e7/ruff-0.16.0-py3-none-manylinux_2_17_ppc64le.manylinux2014_ppc64le.whl", hash = "sha256:0ff4a79ce3ec0172f3241943835de1c4cb4e2dcd07f0f8c2d02603dbbbee4b17", size = 12207008, upload-time = "2026-07-23T19:11:02.154Z" },
    { url = "https://files.pythonhosted.org/packages/fb/29/98225831a3a1eab0e02f4acc6ca6559a98611dcc68b6965ff4b7234627c1/ruff-0.16.0-py3-none-manylinux_2_17_s390x.manylinux2014_s390x.whl", hash = "sha256:e95c448fca1fb2a18372a9440926c5a6ee789639bb975c72e7ae6d0b04218ab4", size = 11650842, upload-time = "2026-07-23T19:11:04.557Z" },
    { url = "https://files.pythonhosted.org/packages/91/66/6bd3cf90500653d55dc0ffc8507aa8300bd49d0214b2e8cb4d3fef2943ba/ruff-0.16.0-py3-none-manylinux_2_17_x86_64.manylinux2014_x86_64.whl", hash = "sha256:4f11a8d11010301d0a398a2fdef67691feca7294da6aef55e2150e8fa2cd520b", size = 11400718, upload-time = "2026-07-23T19:11:09.233Z" },
    { url = "https://files.pythonhosted.org/packages/8e/a2/a54eb4eae05d66364050a5d3b8a9c5ef88196531b3cbe7109d873f87f819/ruff-0.16.0-py3-none-manylinux_2_31_riscv64.whl", hash = "sha256:48044c678e9cb8698246c99b14aaccfa6601dea7379eb48a6f8f73f7a6d86cd0", size = 11426177, upload-time = "2026-07-23T19:11:11.994Z" },
    { url = "https://files.pythonhosted.org/packages/1a/be/16e3eea4b2a478a496919f5e36f17c4559e54620bd3bbac5d6affa068006/ruff-0.16.0-py3-none-musllinux_1_2_aarch64.whl", hash = "sha256:7aa0959bad8eb8bef50340154fc9b58678dae31fa4293afa38b44b6e552c0213", size = 10856126, upload-time = "2026-07-23T19:11:14.221Z" },
    { url = "https://files.pythonhosted.org/packages/a2/84/252eb8b868a16eec7257c14f504f77537e734b2d69c762e639e588e304a3/ruff-0.16.0-py3-none-musllinux_1_2_armv7l.whl", hash = "sha256:28ea2b7df8ebf7f9da6b7d47b230ab48f387c0a29be3b474c4d0740e197bb9af", size = 10571208, upload-time = "2026-07-23T19:11:16.378Z" },
    { url = "https://files.pythonhosted.org/packages/21/09/817a482f542f7570cbb4554b26e896610c7114f539b1d9e2d2145bf6bef6/ruff-0.16.0-py3-none-musllinux_1_2_i686.whl", hash = "sha256:33a3dfac8c35f81498dea9181bccc2f4c4bc8f1521a1dd9406e77643e0f0fb09", size = 11063329, upload-time = "2026-07-23T19:11:19.173Z" },
    { url = "https://files.pythonhosted.org/packages/2e/23/9403c180ca1cb9b1f7335f5c3e5305c09d49ea5b345196682a36028bde4a/ruff-0.16.0-py3-none-musllinux_1_2_x86_64.whl", hash = "sha256:a5237a0bda500d30d81b8e07a6973a5cbc772864cbf746ae2f4e8a2e01c9f4ed", size = 11489751, upload-time = "2026-07-23T19:11:21.74Z" },
    { url = "https://files.pythonhosted.org/packages/b2/1d/1b2ef7bcde851c78d7f17f1cca13fd6dc695fc4b3d6197941e72cae5b132/ruff-0.16.0-py3-none-win32.whl", hash = "sha256:7fab76fa065c873f41ff744347c6e77bcc3dfec4bcc754dc26b63d23c0f7f5fb", size = 10785885, upload-time = "2026-07-23T19:11:23.947Z" },
    { url = "https://files.pythonhosted.org/packages/b2/a3/d5e4ef7a56be3f928ffb90b94c25ba7d3cb9c7fe0736aeaaedf361770712/ruff-0.16.0-py3-none-win_amd64.whl", hash = "sha256:429c117f022bf481fabd9d551e7a3952b24c65e6ef44337ea09d90bebef14472", size = 11923141, upload-time = "2026-07-23T19:11:26.409Z" },
    { url = "https://files.pythonhosted.org/packages/cb/9a/8415f2657cbe200f41a4531ccededf135505a92d4a012229121f885b26f9/ruff-0.16.0-py3-none-win_arm64.whl", hash = "sha256:14296fedcd2705c77ab8235439278bbb38f285cf7da5528b00b3e330c3d4872d", size = 11273407, upload-time = "2026-07-23T19:11:28.705Z" },
]

[[package]]
name = "ty"
version = "0.0.64"
source = { registry = "https://pypi.org/simple" }
sdist = { url = "https://files.pythonhosted.org/packages/8e/aa/14c9965d3b173105692473897cc89c34cd91241368b2044e43167e1c17ff/ty-0.0.64.tar.gz", hash = "sha256:d12ddbb05f15158bb518af619378b385486450def95fb06f8ab98037febe9f2c", size = 6350966, upload-time = "2026-07-27T18:32:45.403Z" }
wheels = [
    { url = "https://files.pythonhosted.org/packages/ae/4c/c54937e4ff3fa7b34a99ea3387ec766bf0ad98dc8df8d792e89b388e658e/ty-0.0.64-py3-none-linux_armv6l.whl", hash = "sha256:3830a6675ab43635ced1c4c557f380ac4a49e9414e03975e4e4e8db644c64944", size = 12118357, upload-time = "2026-07-27T18:32:08.702Z" },
    { url = "https://files.pythonhosted.org/packages/ce/aa/a839ee2bc78e943d079e6abe199a97b4eeffb7e5c9a57326d69de452186a/ty-0.0.64-py3-none-macosx_10_12_x86_64.whl", hash = "sha256:3ff07d7bc32a2135f58afe57393789a32ea2fed1a66216129a8e535e76043903", size = 11790882, upload-time = "2026-07-27T18:32:10.997Z" },
    { url = "https://files.pythonhosted.org/packages/4c/de/19f14357888a7198438926303753cf749428e3d62e8980ff1e9a72a78402/ty-0.0.64-py3-none-macosx_11_0_arm64.whl", hash = "sha256:4f6d1c7f897cca05d12bacbf1435150d5ffa496099515aa6ed303c8b29e1d0bb", size = 11317394, upload-time = "2026-07-27T18:32:13.162Z" },
    { url = "https://files.pythonhosted.org/packages/08/2f/f54462300535ab99b551eda733177be2eef5dbc2997d3fdb357c4ddd760a/ty-0.0.64-py3-none-manylinux_2_17_aarch64.manylinux2014_aarch64.whl", hash = "sha256:138d6c37ad4bf8583aa7a9b29d90954151d7856f9910a03eae3eb34b34c57215", size = 11863042, upload-time = "2026-07-27T18:32:15.307Z" },
    { url = "https://files.pythonhosted.org/packages/5e/95/dbecf745520ebe8bd7b02fc55eee6441c9be312ebf6addce605eb52740dd/ty-0.0.64-py3-none-manylinux_2_17_armv7l.manylinux2014_armv7l.whl", hash = "sha256:1ed9719d1b7b66fb8efe073d860208a44c40af1f6cd5c2364aa9b323a1e579b4", size = 11910730, upload-time = "2026-07-27T18:32:17.467Z" },
    { url = "https://files.pythonhosted.org/packages/3b/26/12cfd40028e51ceed7b3cb645281c61c02eb64ff9fb0c09231d65c30ff25/ty-0.0.64-py3-none-manylinux_2_17_i686.manylinux2014_i686.whl", hash = "sha256:d68b23e5169e2137b5f1de7169ab0cebecab6c8eda374c34c1f6394308f58242", size = 12631936, upload-time = "2026-07-27T18:32:19.533Z" },
    { url = "https://files.pythonhosted.org/packages/a0/d0/65ffc2b0a686347193c6f98e9421a7fc2a96fc3cd0b1001cf7cf284baff9/ty-0.0.64-py3-none-manylinux_2_17_ppc64le.manylinux2014_ppc64le.whl", hash = "sha256:f41cb07d89d32626fcaf3ed4d262778fcb28b2628b6ed1e172cd7b18820668d8", size = 13171049, upload-time = "2026-07-27T18:32:22.026Z" },
    { url = "https://files.pythonhosted.org/packages/f6/a4/975a5961842dcd6fa60f0770a102c0bba7509da909ab652919bfcdcd4fc7/ty-0.0.64-py3-none-manylinux_2_17_s390x.manylinux2014_s390x.whl", hash = "sha256:5f24e1504ab9e212f92356b82fe088fdeb3a39f9a2f4ff25e505d2e1d0db9056", size = 12826438, upload-time = "2026-07-27T18:32:24.178Z" },
    { url = "https://files.pythonhosted.org/packages/af/ef/dfb9b7f9bcc032d3b540b0d1f55f532a336e2fb41b1bd539c05ae81a151a/ty-0.0.64-py3-none-manylinux_2_17_x86_64.manylinux2014_x86_64.whl", hash = "sha256:86db830cb914bb33bb8247b66ccea58de4496c2391bd42658aba744b439f3290", size = 12440880, upload-time = "2026-07-27T18:32:26.341Z" },
    { url = "https://files.pythonhosted.org/packages/ee/d0/bedac20505e8a8f5501ad73d7d15d8e421a563fef59993909a23036929a4/ty-0.0.64-py3-none-manylinux_2_31_riscv64.whl", hash = "sha256:652ee3d6d03bea76cd2fe8949c78bb5970394ebd7c5fd270e9518c0dee1b931d", size = 12782439, upload-time = "2026-07-27T18:32:28.642Z" },
    { url = "https://files.pythonhosted.org/packages/79/d5/795733f13ceff1378f08b3de0c49d0f518df220ed856b0dfac869f3b7c81/ty-0.0.64-py3-none-musllinux_1_2_aarch64.whl", hash = "sha256:4838768295774a86e95f9ec5633e739d016adbbb69dcbdc62f3549578a11f624", size = 11814821, upload-time = "2026-07-27T18:32:30.632Z" },
    { url = "https://files.pythonhosted.org/packages/52/3e/9d99cd1e1831003434f508ed9f258a56543194afc3bbe051eba2545fa676/ty-0.0.64-py3-none-musllinux_1_2_armv7l.whl", hash = "sha256:5a3d700669868599edf39ce5125196682f15a8880cc8c669bc2a83b99984d99b", size = 11928678, upload-time = "2026-07-27T18:32:32.888Z" },
    { url = "https://files.pythonhosted.org/packages/b8/3d/448f49a3503fb119a34348a5714bb92001f252fadbbb12d645f2e744b557/ty-0.0.64-py3-none-musllinux_1_2_i686.whl", hash = "sha256:b161f0a82a8e2f2432db3bf7702b4d3924fa9486ba0014f6710a160fc157df0d", size = 12202249, upload-time = "2026-07-27T18:32:34.905Z" },
    { url = "https://files.pythonhosted.org/packages/dd/9b/75768e562cec990d189dc05807ae72890b20ffbd1e1f43597bb98db63c60/ty-0.0.64-py3-none-musllinux_1_2_x86_64.whl", hash = "sha256:39b9dd42908df47c2dc57dda87e656fab97097ffd2618474bbdea986af0d6a9d", size = 12548817, upload-time = "2026-07-27T18:32:36.995Z" },
    { url = "https://files.pythonhosted.org/packages/34/89/44cc276ea6ca0245495014758ffeadde1798fb0b5840c9cf36d8d2ed3250/ty-0.0.64-py3-none-win32.whl", hash = "sha256:d0676ab0e0935795e5843baa28dd5e366dc343d7c0945a996df9eab8e0644885", size = 11545474, upload-time = "2026-07-27T18:32:39.389Z" },
    { url = "https://files.pythonhosted.org/packages/01/7e/d1c8a871a38d17c8f168b9a6975f6247f7660f8334e517656a5e4b4a4858/ty-0.0.64-py3-none-win_amd64.whl", hash = "sha256:dcb9bd31f54097e362b776c26ab4564d4564cdd1355cb883481167a26c03cc3f", size = 12542987, upload-time = "2026-07-27T18:32:41.412Z" },
    { url = "https://files.pythonhosted.org/packages/35/4d/6d18640d0204cacd69abbaca95ad6a34c6d7e9169e9051d0117b17b827ec/ty-0.0.64-py3-none-win_arm64.whl", hash = "sha256:82cc34c1ad9a8feb6059aef193bebcecc656e548f6fab3d518bcd8b57d198d39", size = 11899263, upload-time = "2026-07-27T18:32:43.366Z" },
]
